# This file is generated by running "yarn install" inside your project.
# Manual changes might be lost - proceed with caution!

__metadata:
  version: 6
  cacheKey: 8

"prettier@npm:2.8.1":
  version: 2.8.1
  resolution: "prettier@npm:2.8.1"
  bin:
    prettier: bin-prettier.js
  checksum: 4f21a0f1269f76fb36f54e9a8a1ea4c11e27478958bf860661fb4b6d7ac69aac1581f8724fa98ea3585e56d42a2ea317a17ff6e3324f40cb11ff9e20b73785cc
  languageName: node
  linkType: hard

"yarn-plugin-workspace-filtering@workspace:.":
  version: 0.0.0-use.local
  resolution: "yarn-plugin-workspace-filtering@workspace:."
  dependencies:
    prettier: 2.8.1
  languageName: unknown
  linkType: soft
